
Microsoft Visual Studio Solution File, Format Version 12.00
# Visual Studio Version 17
VisualStudioVersion = 17.4.33403.182
MinimumVisualStudioVersion = 10.0.40219.1
Project("{FAE04EC0-301F-11D3-BF4B-00C04F79EFBC}") = "SocketTesting", "SocketTesting\SocketTesting.csproj", "{14807774-7D1B-4FE9-84DB-B171DA192CDF}"
EndProject
Global
	GlobalSection(SolutionConfigurationPlatforms) = preSolution
		Debug|Any CPU = Debug|Any CPU
		Release|Any CPU = Release|Any CPU
	EndGlobalSection
	GlobalSection(ProjectConfigurationPlatforms) = postSolution
		{14807774-7D1B-4FE9-84DB-B171DA192CDF}.Debug|Any CPU.ActiveCfg = Debug|Any CPU
		{14807774-7D1B-4FE9-84DB-B171DA192CDF}.Debug|Any CPU.Build.0 = Debug|Any CPU
		{14807774-7D1B-4FE9-84DB-B171DA192CDF}.Release|Any CPU.ActiveCfg = Release|Any CPU
		{14807774-7D1B-4FE9-84DB-B171DA192CDF}.Release|Any CPU.Build.0 = Release|Any CPU
	EndGlobalSection
	GlobalSection(SolutionProperties) = preSolution
		HideSolutionNode = FALSE
	EndGlobalSection
	GlobalSection(ExtensibilityGlobals) = postSolution
		SolutionGuid = {2EFF55C5-5E83-4407-9B3D-A118AFB51006}
	EndGlobalSection
EndGlobal
